
Microsoft Visual Studio Solution File, Format Version 12.00
# Visual Studio Version 17
VisualStudioVersion = 17.14.36121.58
MinimumVisualStudioVersion = 10.0.40219.1
Project("{FAE04EC0-301F-11D3-BF4B-00C04F79EFBC}") = "HelloDelegates", "HelloDelegates\HelloDelegates.csproj", "{5B06315B-927D-4836-8393-7AC3E6658030}"
EndProject
Project("{2150E333-8FDC-42A3-9474-1A3956D46DE8}") = "Shared", "Shared", "{8EC462FD-D22E-90A8-E5CE-7E832BA40C5D}"
	ProjectSection(SolutionItems) = preProject
		README.md = README.md
	EndProjectSection
EndProject
Project("{2150E333-8FDC-42A3-9474-1A3956D46DE8}") = "M003_DelegateEvents", "M003_DelegateEvents", "{02EA681E-C7D8-13C7-8484-4AC65E1B71E8}"
EndProject
Project("{FAE04EC0-301F-11D3-BF4B-00C04F79EFBC}") = "HelloEvents", "HelloEvents\HelloEvents.csproj", "{00FE2405-404D-4472-AE94-99A97F09B7FC}"
EndProject
Project("{FAE04EC0-301F-11D3-BF4B-00C04F79EFBC}") = "Lab3Delegates", "Lab3Delegates\Lab3Delegates.csproj", "{518A080F-74DB-4044-83EF-EA684C3F6F74}"
EndProject
Project("{FAE04EC0-301F-11D3-BF4B-00C04F79EFBC}") = "Common", "Common\Common.csproj", "{5FC26D02-2591-447F-8341-E1482C10A79B}"
EndProject
Project("{2150E333-8FDC-42A3-9474-1A3956D46DE8}") = "M009_Linq", "M009_Linq", "{DA20DEBA-043D-44D8-9EFF-EE8D4A628B54}"
EndProject
Project("{FAE04EC0-301F-11D3-BF4B-00C04F79EFBC}") = "LinqSamples", "LinqSamples\LinqSamples.csproj", "{65BC25B9-08A0-4D52-8B96-731083C00F6F}"
EndProject
Project("{FAE04EC0-301F-11D3-BF4B-00C04F79EFBC}") = "Lab9Personen", "Lab9Personen\Lab9Personen.csproj", "{1792015F-9018-4094-94BF-C52D5671B27B}"
EndProject
Project("{2150E333-8FDC-42A3-9474-1A3956D46DE8}") = "M004_Generics", "M004_Generics", "{1000A990-63DE-44E0-B129-11130760FD1E}"
EndProject
Project("{FAE04EC0-301F-11D3-BF4B-00C04F79EFBC}") = "IspSample", "IspSample\IspSample.csproj", "{4184B42D-D52B-409D-88C8-9DA7A4DDC588}"
EndProject
Project("{FAE04EC0-301F-11D3-BF4B-00C04F79EFBC}") = "Lab4SolarSystem", "Lab4SolarSystem\Lab4SolarSystem.csproj", "{24737DB9-DD8D-4EC0-9CB0-BB211837747B}"
EndProject
Project("{2150E333-8FDC-42A3-9474-1A3956D46DE8}") = "M005_Serialisierung", "M005_Serialisierung", "{AA08310C-AD5B-424D-B051-5EE9F7BE0AFA}"
EndProject
Project("{FAE04EC0-301F-11D3-BF4B-00C04F79EFBC}") = "Serialization", "Serialization\Serialization.csproj", "{76424F66-558B-4F3E-81F9-7122BDCA3B1A}"
EndProject
Project("{FAE04EC0-301F-11D3-BF4B-00C04F79EFBC}") = "Lab5SolarSystem", "Lab5SolarSystem\Lab5SolarSystem.csproj", "{91B290FF-346E-446E-B511-133526929308}"
EndProject
Project("{2150E333-8FDC-42A3-9474-1A3956D46DE8}") = "M006_Threads", "M006_Threads", "{F1D03371-49B0-4FFB-B685-93728093689D}"
EndProject
Project("{FAE04EC0-301F-11D3-BF4B-00C04F79EFBC}") = "1_Multithreading", "1_Multithreading\1_Multithreading.csproj", "{E2DBD02F-BD93-4019-9C48-92E758E10A85}"
EndProject
Project("{FAE04EC0-301F-11D3-BF4B-00C04F79EFBC}") = "2_Concurrency", "2_Concurrency\2_Concurrency.csproj", "{4DCE8C01-8B77-4788-BB8A-FD0ADA6182D3}"
EndProject
Project("{2150E333-8FDC-42A3-9474-1A3956D46DE8}") = "M007_TPL", "M007_TPL", "{E291458B-2F84-44BE-BBDA-1482E656646B}"
EndProject
Project("{FAE04EC0-301F-11D3-BF4B-00C04F79EFBC}") = "TPL_Multitasking", "TPL_Multitasking\TPL_Multitasking.csproj", "{A253ACF8-B6FD-46B2-B573-007B7887F200}"
EndProject
Project("{FAE04EC0-301F-11D3-BF4B-00C04F79EFBC}") = "Lab7Images", "Lab7Images\Lab7Images.csproj", "{6FF5E197-2BF1-409D-949D-940D1D1D8179}"
EndProject
Project("{2150E333-8FDC-42A3-9474-1A3956D46DE8}") = "M008_TPL-Async", "M008_TPL-Async", "{02776EAD-3794-435B-91B2-58824B2F030B}"
EndProject
Project("{FAE04EC0-301F-11D3-BF4B-00C04F79EFBC}") = "TPL-Multitasking.Desktop", "TPL-Multitasking.Desktop\TPL-Multitasking.Desktop.csproj", "{A6AE4F7B-9A73-49ED-8875-5139B4EFE7B9}"
EndProject
Project("{FAE04EC0-301F-11D3-BF4B-00C04F79EFBC}") = "Lab8JsonSplit.Desktop", "Lab8JsonSplit.Desktop\Lab8JsonSplit.Desktop.csproj", "{6174F973-0B09-435A-B602-59756D1E9387}"
EndProject
Project("{2150E333-8FDC-42A3-9474-1A3956D46DE8}") = "M100_Extra", "M100_Extra", "{2499F969-B602-4EA2-B1E9-D112C16DFC92}"
EndProject
Global
	GlobalSection(SolutionConfigurationPlatforms) = preSolution
		Debug|Any CPU = Debug|Any CPU
		Release|Any CPU = Release|Any CPU
	EndGlobalSection
	GlobalSection(ProjectConfigurationPlatforms) = postSolution
		{5B06315B-927D-4836-8393-7AC3E6658030}.Debug|Any CPU.ActiveCfg = Debug|Any CPU
		{5B06315B-927D-4836-8393-7AC3E6658030}.Debug|Any CPU.Build.0 = Debug|Any CPU
		{5B06315B-927D-4836-8393-7AC3E6658030}.Release|Any CPU.ActiveCfg = Release|Any CPU
		{5B06315B-927D-4836-8393-7AC3E6658030}.Release|Any CPU.Build.0 = Release|Any CPU
		{00FE2405-404D-4472-AE94-99A97F09B7FC}.Debug|Any CPU.ActiveCfg = Debug|Any CPU
		{00FE2405-404D-4472-AE94-99A97F09B7FC}.Debug|Any CPU.Build.0 = Debug|Any CPU
		{00FE2405-404D-4472-AE94-99A97F09B7FC}.Release|Any CPU.ActiveCfg = Release|Any CPU
		{00FE2405-404D-4472-AE94-99A97F09B7FC}.Release|Any CPU.Build.0 = Release|Any CPU
		{518A080F-74DB-4044-83EF-EA684C3F6F74}.Debug|Any CPU.ActiveCfg = Debug|Any CPU
		{518A080F-74DB-4044-83EF-EA684C3F6F74}.Debug|Any CPU.Build.0 = Debug|Any CPU
		{518A080F-74DB-4044-83EF-EA684C3F6F74}.Release|Any CPU.ActiveCfg = Release|Any CPU
		{518A080F-74DB-4044-83EF-EA684C3F6F74}.Release|Any CPU.Build.0 = Release|Any CPU
		{5FC26D02-2591-447F-8341-E1482C10A79B}.Debug|Any CPU.ActiveCfg = Debug|Any CPU
		{5FC26D02-2591-447F-8341-E1482C10A79B}.Debug|Any CPU.Build.0 = Debug|Any CPU
		{5FC26D02-2591-447F-8341-E1482C10A79B}.Release|Any CPU.ActiveCfg = Release|Any CPU
		{5FC26D02-2591-447F-8341-E1482C10A79B}.Release|Any CPU.Build.0 = Release|Any CPU
		{65BC25B9-08A0-4D52-8B96-731083C00F6F}.Debug|Any CPU.ActiveCfg = Debug|Any CPU
		{65BC25B9-08A0-4D52-8B96-731083C00F6F}.Debug|Any CPU.Build.0 = Debug|Any CPU
		{65BC25B9-08A0-4D52-8B96-731083C00F6F}.Release|Any CPU.ActiveCfg = Release|Any CPU
		{65BC25B9-08A0-4D52-8B96-731083C00F6F}.Release|Any CPU.Build.0 = Release|Any CPU
		{1792015F-9018-4094-94BF-C52D5671B27B}.Debug|Any CPU.ActiveCfg = Debug|Any CPU
		{1792015F-9018-4094-94BF-C52D5671B27B}.Debug|Any CPU.Build.0 = Debug|Any CPU
		{1792015F-9018-4094-94BF-C52D5671B27B}.Release|Any CPU.ActiveCfg = Release|Any CPU
		{1792015F-9018-4094-94BF-C52D5671B27B}.Release|Any CPU.Build.0 = Release|Any CPU
		{4184B42D-D52B-409D-88C8-9DA7A4DDC588}.Debug|Any CPU.ActiveCfg = Debug|Any CPU
		{4184B42D-D52B-409D-88C8-9DA7A4DDC588}.Debug|Any CPU.Build.0 = Debug|Any CPU
		{4184B42D-D52B-409D-88C8-9DA7A4DDC588}.Release|Any CPU.ActiveCfg = Release|Any CPU
		{4184B42D-D52B-409D-88C8-9DA7A4DDC588}.Release|Any CPU.Build.0 = Release|Any CPU
		{24737DB9-DD8D-4EC0-9CB0-BB211837747B}.Debug|Any CPU.ActiveCfg = Debug|Any CPU
		{24737DB9-DD8D-4EC0-9CB0-BB211837747B}.Debug|Any CPU.Build.0 = Debug|Any CPU
		{24737DB9-DD8D-4EC0-9CB0-BB211837747B}.Release|Any CPU.ActiveCfg = Release|Any CPU
		{24737DB9-DD8D-4EC0-9CB0-BB211837747B}.Release|Any CPU.Build.0 = Release|Any CPU
		{76424F66-558B-4F3E-81F9-7122BDCA3B1A}.Debug|Any CPU.ActiveCfg = Debug|Any CPU
		{76424F66-558B-4F3E-81F9-7122BDCA3B1A}.Debug|Any CPU.Build.0 = Debug|Any CPU
		{76424F66-558B-4F3E-81F9-7122BDCA3B1A}.Release|Any CPU.ActiveCfg = Release|Any CPU
		{76424F66-558B-4F3E-81F9-7122BDCA3B1A}.Release|Any CPU.Build.0 = Release|Any CPU
		{91B290FF-346E-446E-B511-133526929308}.Debug|Any CPU.ActiveCfg = Debug|Any CPU
		{91B290FF-346E-446E-B511-133526929308}.Debug|Any CPU.Build.0 = Debug|Any CPU
		{91B290FF-346E-446E-B511-133526929308}.Release|Any CPU.ActiveCfg = Release|Any CPU
		{91B290FF-346E-446E-B511-133526929308}.Release|Any CPU.Build.0 = Release|Any CPU
		{E2DBD02F-BD93-4019-9C48-92E758E10A85}.Debug|Any CPU.ActiveCfg = Debug|Any CPU
		{E2DBD02F-BD93-4019-9C48-92E758E10A85}.Debug|Any CPU.Build.0 = Debug|Any CPU
		{E2DBD02F-BD93-4019-9C48-92E758E10A85}.Release|Any CPU.ActiveCfg = Release|Any CPU
		{E2DBD02F-BD93-4019-9C48-92E758E10A85}.Release|Any CPU.Build.0 = Release|Any CPU
		{4DCE8C01-8B77-4788-BB8A-FD0ADA6182D3}.Debug|Any CPU.ActiveCfg = Debug|Any CPU
		{4DCE8C01-8B77-4788-BB8A-FD0ADA6182D3}.Debug|Any CPU.Build.0 = Debug|Any CPU
		{4DCE8C01-8B77-4788-BB8A-FD0ADA6182D3}.Release|Any CPU.ActiveCfg = Release|Any CPU
		{4DCE8C01-8B77-4788-BB8A-FD0ADA6182D3}.Release|Any CPU.Build.0 = Release|Any CPU
		{A253ACF8-B6FD-46B2-B573-007B7887F200}.Debug|Any CPU.ActiveCfg = Debug|Any CPU
		{A253ACF8-B6FD-46B2-B573-007B7887F200}.Debug|Any CPU.Build.0 = Debug|Any CPU
		{A253ACF8-B6FD-46B2-B573-007B7887F200}.Release|Any CPU.ActiveCfg = Release|Any CPU
		{A253ACF8-B6FD-46B2-B573-007B7887F200}.Release|Any CPU.Build.0 = Release|Any CPU
		{6FF5E197-2BF1-409D-949D-940D1D1D8179}.Debug|Any CPU.ActiveCfg = Debug|Any CPU
		{6FF5E197-2BF1-409D-949D-940D1D1D8179}.Debug|Any CPU.Build.0 = Debug|Any CPU
		{6FF5E197-2BF1-409D-949D-940D1D1D8179}.Release|Any CPU.ActiveCfg = Release|Any CPU
		{6FF5E197-2BF1-409D-949D-940D1D1D8179}.Release|Any CPU.Build.0 = Release|Any CPU
		{A6AE4F7B-9A73-49ED-8875-5139B4EFE7B9}.Debug|Any CPU.ActiveCfg = Debug|Any CPU
		{A6AE4F7B-9A73-49ED-8875-5139B4EFE7B9}.Debug|Any CPU.Build.0 = Debug|Any CPU
		{A6AE4F7B-9A73-49ED-8875-5139B4EFE7B9}.Release|Any CPU.ActiveCfg = Release|Any CPU
		{A6AE4F7B-9A73-49ED-8875-5139B4EFE7B9}.Release|Any CPU.Build.0 = Release|Any CPU
		{6174F973-0B09-435A-B602-59756D1E9387}.Debug|Any CPU.ActiveCfg = Debug|Any CPU
		{6174F973-0B09-435A-B602-59756D1E9387}.Debug|Any CPU.Build.0 = Debug|Any CPU
		{6174F973-0B09-435A-B602-59756D1E9387}.Release|Any CPU.ActiveCfg = Release|Any CPU
		{6174F973-0B09-435A-B602-59756D1E9387}.Release|Any CPU.Build.0 = Release|Any CPU
	EndGlobalSection
	GlobalSection(SolutionProperties) = preSolution
		HideSolutionNode = FALSE
	EndGlobalSection
	GlobalSection(NestedProjects) = preSolution
		{5B06315B-927D-4836-8393-7AC3E6658030} = {02EA681E-C7D8-13C7-8484-4AC65E1B71E8}
		{00FE2405-404D-4472-AE94-99A97F09B7FC} = {02EA681E-C7D8-13C7-8484-4AC65E1B71E8}
		{518A080F-74DB-4044-83EF-EA684C3F6F74} = {02EA681E-C7D8-13C7-8484-4AC65E1B71E8}
		{5FC26D02-2591-447F-8341-E1482C10A79B} = {8EC462FD-D22E-90A8-E5CE-7E832BA40C5D}
		{65BC25B9-08A0-4D52-8B96-731083C00F6F} = {DA20DEBA-043D-44D8-9EFF-EE8D4A628B54}
		{1792015F-9018-4094-94BF-C52D5671B27B} = {DA20DEBA-043D-44D8-9EFF-EE8D4A628B54}
		{4184B42D-D52B-409D-88C8-9DA7A4DDC588} = {1000A990-63DE-44E0-B129-11130760FD1E}
		{24737DB9-DD8D-4EC0-9CB0-BB211837747B} = {1000A990-63DE-44E0-B129-11130760FD1E}
		{76424F66-558B-4F3E-81F9-7122BDCA3B1A} = {AA08310C-AD5B-424D-B051-5EE9F7BE0AFA}
		{91B290FF-346E-446E-B511-133526929308} = {AA08310C-AD5B-424D-B051-5EE9F7BE0AFA}
		{E2DBD02F-BD93-4019-9C48-92E758E10A85} = {F1D03371-49B0-4FFB-B685-93728093689D}
		{4DCE8C01-8B77-4788-BB8A-FD0ADA6182D3} = {F1D03371-49B0-4FFB-B685-93728093689D}
		{A253ACF8-B6FD-46B2-B573-007B7887F200} = {E291458B-2F84-44BE-BBDA-1482E656646B}
		{6FF5E197-2BF1-409D-949D-940D1D1D8179} = {E291458B-2F84-44BE-BBDA-1482E656646B}
		{A6AE4F7B-9A73-49ED-8875-5139B4EFE7B9} = {02776EAD-3794-435B-91B2-58824B2F030B}
		{6174F973-0B09-435A-B602-59756D1E9387} = {02776EAD-3794-435B-91B2-58824B2F030B}
	EndGlobalSection
	GlobalSection(ExtensibilityGlobals) = postSolution
		SolutionGuid = {9A505E4C-59C0-4616-ABA9-B8F58864626F}
	EndGlobalSection
EndGlobal
