
Microsoft Visual Studio Solution File, Format Version 12.00
# Visual Studio Version 17
VisualStudioVersion = 17.14.36121.58 d17.14
MinimumVisualStudioVersion = 10.0.40219.1
Project("{FAE04EC0-301F-11D3-BF4B-00C04F79EFBC}") = "HelloDelegates", "HelloDelegates\HelloDelegates.csproj", "{5B06315B-927D-4836-8393-7AC3E6658030}"
EndProject
Project("{2150E333-8FDC-42A3-9474-1A3956D46DE8}") = "Shared", "Shared", "{8EC462FD-D22E-90A8-E5CE-7E832BA40C5D}"
	ProjectSection(SolutionItems) = preProject
		README.md = README.md
	EndProjectSection
EndProject
Project("{2150E333-8FDC-42A3-9474-1A3956D46DE8}") = "M003_DelegateEvents", "M003_DelegateEvents", "{02EA681E-C7D8-13C7-8484-4AC65E1B71E8}"
EndProject
Project("{FAE04EC0-301F-11D3-BF4B-00C04F79EFBC}") = "HelloEvents", "HelloEvents\HelloEvents.csproj", "{00FE2405-404D-4472-AE94-99A97F09B7FC}"
EndProject
Project("{FAE04EC0-301F-11D3-BF4B-00C04F79EFBC}") = "Lab3Delegates", "Lab3Delegates\Lab3Delegates.csproj", "{518A080F-74DB-4044-83EF-EA684C3F6F74}"
EndProject
Project("{FAE04EC0-301F-11D3-BF4B-00C04F79EFBC}") = "Common", "Common\Common.csproj", "{5FC26D02-2591-447F-8341-E1482C10A79B}"
EndProject
Project("{2150E333-8FDC-42A3-9474-1A3956D46DE8}") = "M009_Linq", "M009_Linq", "{DA20DEBA-043D-44D8-9EFF-EE8D4A628B54}"
EndProject
Project("{FAE04EC0-301F-11D3-BF4B-00C04F79EFBC}") = "LinqSamples", "LinqSamples\LinqSamples.csproj", "{65BC25B9-08A0-4D52-8B96-731083C00F6F}"
EndProject
Project("{FAE04EC0-301F-11D3-BF4B-00C04F79EFBC}") = "Lab9Personen", "Lab9Personen\Lab9Personen.csproj", "{1792015F-9018-4094-94BF-C52D5671B27B}"
EndProject
Global
	GlobalSection(SolutionConfigurationPlatforms) = preSolution
		Debug|Any CPU = Debug|Any CPU
		Release|Any CPU = Release|Any CPU
	EndGlobalSection
	GlobalSection(ProjectConfigurationPlatforms) = postSolution
		{5B06315B-927D-4836-8393-7AC3E6658030}.Debug|Any CPU.ActiveCfg = Debug|Any CPU
		{5B06315B-927D-4836-8393-7AC3E6658030}.Debug|Any CPU.Build.0 = Debug|Any CPU
		{5B06315B-927D-4836-8393-7AC3E6658030}.Release|Any CPU.ActiveCfg = Release|Any CPU
		{5B06315B-927D-4836-8393-7AC3E6658030}.Release|Any CPU.Build.0 = Release|Any CPU
		{00FE2405-404D-4472-AE94-99A97F09B7FC}.Debug|Any CPU.ActiveCfg = Debug|Any CPU
		{00FE2405-404D-4472-AE94-99A97F09B7FC}.Debug|Any CPU.Build.0 = Debug|Any CPU
		{00FE2405-404D-4472-AE94-99A97F09B7FC}.Release|Any CPU.ActiveCfg = Release|Any CPU
		{00FE2405-404D-4472-AE94-99A97F09B7FC}.Release|Any CPU.Build.0 = Release|Any CPU
		{518A080F-74DB-4044-83EF-EA684C3F6F74}.Debug|Any CPU.ActiveCfg = Debug|Any CPU
		{518A080F-74DB-4044-83EF-EA684C3F6F74}.Debug|Any CPU.Build.0 = Debug|Any CPU
		{518A080F-74DB-4044-83EF-EA684C3F6F74}.Release|Any CPU.ActiveCfg = Release|Any CPU
		{518A080F-74DB-4044-83EF-EA684C3F6F74}.Release|Any CPU.Build.0 = Release|Any CPU
		{5FC26D02-2591-447F-8341-E1482C10A79B}.Debug|Any CPU.ActiveCfg = Debug|Any CPU
		{5FC26D02-2591-447F-8341-E1482C10A79B}.Debug|Any CPU.Build.0 = Debug|Any CPU
		{5FC26D02-2591-447F-8341-E1482C10A79B}.Release|Any CPU.ActiveCfg = Release|Any CPU
		{5FC26D02-2591-447F-8341-E1482C10A79B}.Release|Any CPU.Build.0 = Release|Any CPU
		{65BC25B9-08A0-4D52-8B96-731083C00F6F}.Debug|Any CPU.ActiveCfg = Debug|Any CPU
		{65BC25B9-08A0-4D52-8B96-731083C00F6F}.Debug|Any CPU.Build.0 = Debug|Any CPU
		{65BC25B9-08A0-4D52-8B96-731083C00F6F}.Release|Any CPU.ActiveCfg = Release|Any CPU
		{65BC25B9-08A0-4D52-8B96-731083C00F6F}.Release|Any CPU.Build.0 = Release|Any CPU
		{1792015F-9018-4094-94BF-C52D5671B27B}.Debug|Any CPU.ActiveCfg = Debug|Any CPU
		{1792015F-9018-4094-94BF-C52D5671B27B}.Debug|Any CPU.Build.0 = Debug|Any CPU
		{1792015F-9018-4094-94BF-C52D5671B27B}.Release|Any CPU.ActiveCfg = Release|Any CPU
		{1792015F-9018-4094-94BF-C52D5671B27B}.Release|Any CPU.Build.0 = Release|Any CPU
	EndGlobalSection
	GlobalSection(SolutionProperties) = preSolution
		HideSolutionNode = FALSE
	EndGlobalSection
	GlobalSection(NestedProjects) = preSolution
		{5B06315B-927D-4836-8393-7AC3E6658030} = {02EA681E-C7D8-13C7-8484-4AC65E1B71E8}
		{00FE2405-404D-4472-AE94-99A97F09B7FC} = {02EA681E-C7D8-13C7-8484-4AC65E1B71E8}
		{518A080F-74DB-4044-83EF-EA684C3F6F74} = {02EA681E-C7D8-13C7-8484-4AC65E1B71E8}
		{5FC26D02-2591-447F-8341-E1482C10A79B} = {8EC462FD-D22E-90A8-E5CE-7E832BA40C5D}
		{65BC25B9-08A0-4D52-8B96-731083C00F6F} = {DA20DEBA-043D-44D8-9EFF-EE8D4A628B54}
		{1792015F-9018-4094-94BF-C52D5671B27B} = {DA20DEBA-043D-44D8-9EFF-EE8D4A628B54}
	EndGlobalSection
	GlobalSection(ExtensibilityGlobals) = postSolution
		SolutionGuid = {9A505E4C-59C0-4616-ABA9-B8F58864626F}
	EndGlobalSection
EndGlobal
